// !$*UTF8*$!
{
	archiveVersion = 1;
	classes = {
	};
	objectVersion = 52;
	objects = {

/* Begin PBXBuildFile section */
		65214E8225722CE6008F33D9 /* LocaleDataSource.swift in Sources */ = {isa = PBXBuildFile; fileRef = 65214E8125722CE6008F33D9 /* LocaleDataSource.swift */; };
		65214E8425722E70008F33D9 /* PlaceEntity.swift in Sources */ = {isa = PBXBuildFile; fileRef = 65214E8325722E70008F33D9 /* PlaceEntity.swift */; };
		65214E872572423B008F33D9 /* RemoteDataSource.swift in Sources */ = {isa = PBXBuildFile; fileRef = 65214E862572423B008F33D9 /* RemoteDataSource.swift */; };
		65214E89257252A4008F33D9 /* FavoriteInteractor.swift in Sources */ = {isa = PBXBuildFile; fileRef = 65214E88257252A4008F33D9 /* FavoriteInteractor.swift */; };
		65214E8B25725FFE008F33D9 /* FavoriteView.swift in Sources */ = {isa = PBXBuildFile; fileRef = 65214E8A25725FFE008F33D9 /* FavoriteView.swift */; };
		65214E8D25726030008F33D9 /* FavoritePresenter.swift in Sources */ = {isa = PBXBuildFile; fileRef = 65214E8C25726030008F33D9 /* FavoritePresenter.swift */; };
		652E5DD825710077007B72E6 /* DetailView.swift in Sources */ = {isa = PBXBuildFile; fileRef = 652E5DD725710077007B72E6 /* DetailView.swift */; };
		652E5DDA25710083007B72E6 /* DetailPresenter.swift in Sources */ = {isa = PBXBuildFile; fileRef = 652E5DD925710083007B72E6 /* DetailPresenter.swift */; };
		652E5DDC25711162007B72E6 /* DetailInteractor.swift in Sources */ = {isa = PBXBuildFile; fileRef = 652E5DDB25711162007B72E6 /* DetailInteractor.swift */; };
		652F2FEC25735D8600CFB467 /* TabItem.swift in Sources */ = {isa = PBXBuildFile; fileRef = 652F2FEB25735D8600CFB467 /* TabItem.swift */; };
		652F2FEE25736B9700CFB467 /* ProfileView.swift in Sources */ = {isa = PBXBuildFile; fileRef = 652F2FED25736B9700CFB467 /* ProfileView.swift */; };
		65490B892570A63100000A49 /* ActivityIndicator.swift in Sources */ = {isa = PBXBuildFile; fileRef = 65490B882570A63100000A49 /* ActivityIndicator.swift */; };
		65490B8C2570A9B600000A49 /* SDWebImageSwiftUI in Frameworks */ = {isa = PBXBuildFile; productRef = 65490B8B2570A9B600000A49 /* SDWebImageSwiftUI */; };
		65490B8E2570B07600000A49 /* HomeRouter.swift in Sources */ = {isa = PBXBuildFile; fileRef = 65490B8D2570B07600000A49 /* HomeRouter.swift */; };
		654E7C8C2571817C002431AB /* Realm in Frameworks */ = {isa = PBXBuildFile; productRef = 654E7C8B2571817C002431AB /* Realm */; };
		654E7C8E2571817C002431AB /* RealmSwift in Frameworks */ = {isa = PBXBuildFile; productRef = 654E7C8D2571817C002431AB /* RealmSwift */; };
		659637E7256FEBF3005F6465 /* AppDelegate.swift in Sources */ = {isa = PBXBuildFile; fileRef = 659637E6256FEBF3005F6465 /* AppDelegate.swift */; };
		659637E9256FEBF3005F6465 /* SceneDelegate.swift in Sources */ = {isa = PBXBuildFile; fileRef = 659637E8256FEBF3005F6465 /* SceneDelegate.swift */; };
		659637EE256FEBF3005F6465 /* ContentView.swift in Sources */ = {isa = PBXBuildFile; fileRef = 659637ED256FEBF3005F6465 /* ContentView.swift */; };
		659637F0256FEBF6005F6465 /* Assets.xcassets in Resources */ = {isa = PBXBuildFile; fileRef = 659637EF256FEBF6005F6465 /* Assets.xcassets */; };
		659637F3256FEBF6005F6465 /* Preview Assets.xcassets in Resources */ = {isa = PBXBuildFile; fileRef = 659637F2256FEBF6005F6465 /* Preview Assets.xcassets */; };
		659637F6256FEBF6005F6465 /* LaunchScreen.storyboard in Resources */ = {isa = PBXBuildFile; fileRef = 659637F4256FEBF6005F6465 /* LaunchScreen.storyboard */; };
		65963802256FF969005F6465 /* Alamofire in Frameworks */ = {isa = PBXBuildFile; productRef = 65963801256FF969005F6465 /* Alamofire */; };
		65963809256FFE44005F6465 /* PlaceRepositoryProtocol.swift in Sources */ = {isa = PBXBuildFile; fileRef = 65963808256FFE44005F6465 /* PlaceRepositoryProtocol.swift */; };
		6596380B256FFE7F005F6465 /* PlaceRepository.swift in Sources */ = {isa = PBXBuildFile; fileRef = 6596380A256FFE7F005F6465 /* PlaceRepository.swift */; };
		6596380D256FFF27005F6465 /* PlaceModel.swift in Sources */ = {isa = PBXBuildFile; fileRef = 6596380C256FFF27005F6465 /* PlaceModel.swift */; };
		65963811256FFF70005F6465 /* PlaceInteractor.swift in Sources */ = {isa = PBXBuildFile; fileRef = 65963810256FFF70005F6465 /* PlaceInteractor.swift */; };
		659638142570001D005F6465 /* PlacePresenter.swift in Sources */ = {isa = PBXBuildFile; fileRef = 659638132570001D005F6465 /* PlacePresenter.swift */; };
		6596381625700038005F6465 /* PlacePresenterProtocol.swift in Sources */ = {isa = PBXBuildFile; fileRef = 6596381525700038005F6465 /* PlacePresenterProtocol.swift */; };
		65963819257000A6005F6465 /* Injection.swift in Sources */ = {isa = PBXBuildFile; fileRef = 65963818257000A6005F6465 /* Injection.swift */; };
		6596382125701CCC005F6465 /* PlacesResponse.swift in Sources */ = {isa = PBXBuildFile; fileRef = 6596382025701CCC005F6465 /* PlacesResponse.swift */; };
		6596382425701DC2005F6465 /* API.swift in Sources */ = {isa = PBXBuildFile; fileRef = 6596382325701DC2005F6465 /* API.swift */; };
		6596382625701E71005F6465 /* PlaceMapper.swift in Sources */ = {isa = PBXBuildFile; fileRef = 6596382525701E71005F6465 /* PlaceMapper.swift */; };
		6596382825701F24005F6465 /* CustomError+Ext.swift in Sources */ = {isa = PBXBuildFile; fileRef = 6596382725701F24005F6465 /* CustomError+Ext.swift */; };
		6596382A257023BF005F6465 /* HomeView.swift in Sources */ = {isa = PBXBuildFile; fileRef = 65963829257023BF005F6465 /* HomeView.swift */; };
		6596382D2570286B005F6465 /* TouristApp.xcdatamodeld in Sources */ = {isa = PBXBuildFile; fileRef = 6596382B2570286B005F6465 /* TouristApp.xcdatamodeld */; };
		65B5CB4825711E5C00E24E83 /* RxSwift in Frameworks */ = {isa = PBXBuildFile; productRef = 65B5CB4725711E5C00E24E83 /* RxSwift */; };
		65B5CB4A25711E5C00E24E83 /* RxCocoa in Frameworks */ = {isa = PBXBuildFile; productRef = 65B5CB4925711E5C00E24E83 /* RxCocoa */; };
/* End PBXBuildFile section */

/* Begin PBXFileReference section */
		65214E8125722CE6008F33D9 /* LocaleDataSource.swift */ = {isa = PBXFileReference; lastKnownFileType = sourcecode.swift; path = LocaleDataSource.swift; sourceTree = "<group>"; };
		65214E8325722E70008F33D9 /* PlaceEntity.swift */ = {isa = PBXFileReference; lastKnownFileType = sourcecode.swift; path = PlaceEntity.swift; sourceTree = "<group>"; };
		65214E862572423B008F33D9 /* RemoteDataSource.swift */ = {isa = PBXFileReference; lastKnownFileType = sourcecode.swift; path = RemoteDataSource.swift; sourceTree = "<group>"; };
		65214E88257252A4008F33D9 /* FavoriteInteractor.swift */ = {isa = PBXFileReference; lastKnownFileType = sourcecode.swift; path = FavoriteInteractor.swift; sourceTree = "<group>"; };
		65214E8A25725FFE008F33D9 /* FavoriteView.swift */ = {isa = PBXFileReference; lastKnownFileType = sourcecode.swift; path = FavoriteView.swift; sourceTree = "<group>"; };
		65214E8C25726030008F33D9 /* FavoritePresenter.swift */ = {isa = PBXFileReference; lastKnownFileType = sourcecode.swift; path = FavoritePresenter.swift; sourceTree = "<group>"; };
		652E5DD725710077007B72E6 /* DetailView.swift */ = {isa = PBXFileReference; lastKnownFileType = sourcecode.swift; path = DetailView.swift; sourceTree = "<group>"; };
		652E5DD925710083007B72E6 /* DetailPresenter.swift */ = {isa = PBXFileReference; lastKnownFileType = sourcecode.swift; path = DetailPresenter.swift; sourceTree = "<group>"; };
		652E5DDB25711162007B72E6 /* DetailInteractor.swift */ = {isa = PBXFileReference; lastKnownFileType = sourcecode.swift; path = DetailInteractor.swift; sourceTree = "<group>"; };
		652F2FEB25735D8600CFB467 /* TabItem.swift */ = {isa = PBXFileReference; lastKnownFileType = sourcecode.swift; path = TabItem.swift; sourceTree = "<group>"; };
		652F2FED25736B9700CFB467 /* ProfileView.swift */ = {isa = PBXFileReference; lastKnownFileType = sourcecode.swift; path = ProfileView.swift; sourceTree = "<group>"; };
		65490B882570A63100000A49 /* ActivityIndicator.swift */ = {isa = PBXFileReference; lastKnownFileType = sourcecode.swift; path = ActivityIndicator.swift; sourceTree = "<group>"; };
		65490B8D2570B07600000A49 /* HomeRouter.swift */ = {isa = PBXFileReference; lastKnownFileType = sourcecode.swift; path = HomeRouter.swift; sourceTree = "<group>"; };
		659637E3256FEBF3005F6465 /* TouristApp.app */ = {isa = PBXFileReference; explicitFileType = wrapper.application; includeInIndex = 0; path = TouristApp.app; sourceTree = BUILT_PRODUCTS_DIR; };
		659637E6256FEBF3005F6465 /* AppDelegate.swift */ = {isa = PBXFileReference; lastKnownFileType = sourcecode.swift; path = AppDelegate.swift; sourceTree = "<group>"; };
		659637E8256FEBF3005F6465 /* SceneDelegate.swift */ = {isa = PBXFileReference; lastKnownFileType = sourcecode.swift; path = SceneDelegate.swift; sourceTree = "<group>"; };
		659637ED256FEBF3005F6465 /* ContentView.swift */ = {isa = PBXFileReference; lastKnownFileType = sourcecode.swift; path = ContentView.swift; sourceTree = "<group>"; };
		659637EF256FEBF6005F6465 /* Assets.xcassets */ = {isa = PBXFileReference; lastKnownFileType = folder.assetcatalog; path = Assets.xcassets; sourceTree = "<group>"; };
		659637F2256FEBF6005F6465 /* Preview Assets.xcassets */ = {isa = PBXFileReference; lastKnownFileType = folder.assetcatalog; path = "Preview Assets.xcassets"; sourceTree = "<group>"; };
		659637F5256FEBF6005F6465 /* Base */ = {isa = PBXFileReference; lastKnownFileType = file.storyboard; name = Base; path = Base.lproj/LaunchScreen.storyboard; sourceTree = "<group>"; };
		659637F7256FEBF6005F6465 /* Info.plist */ = {isa = PBXFileReference; lastKnownFileType = text.plist.xml; path = Info.plist; sourceTree = "<group>"; };
		65963808256FFE44005F6465 /* PlaceRepositoryProtocol.swift */ = {isa = PBXFileReference; lastKnownFileType = sourcecode.swift; path = PlaceRepositoryProtocol.swift; sourceTree = "<group>"; };
		6596380A256FFE7F005F6465 /* PlaceRepository.swift */ = {isa = PBXFileReference; lastKnownFileType = sourcecode.swift; path = PlaceRepository.swift; sourceTree = "<group>"; };
		6596380C256FFF27005F6465 /* PlaceModel.swift */ = {isa = PBXFileReference; lastKnownFileType = sourcecode.swift; path = PlaceModel.swift; sourceTree = "<group>"; };
		65963810256FFF70005F6465 /* PlaceInteractor.swift */ = {isa = PBXFileReference; lastKnownFileType = sourcecode.swift; path = PlaceInteractor.swift; sourceTree = "<group>"; };
		659638132570001D005F6465 /* PlacePresenter.swift */ = {isa = PBXFileReference; lastKnownFileType = sourcecode.swift; path = PlacePresenter.swift; sourceTree = "<group>"; };
		6596381525700038005F6465 /* PlacePresenterProtocol.swift */ = {isa = PBXFileReference; lastKnownFileType = sourcecode.swift; path = PlacePresenterProtocol.swift; sourceTree = "<group>"; };
		65963818257000A6005F6465 /* Injection.swift */ = {isa = PBXFileReference; lastKnownFileType = sourcecode.swift; path = Injection.swift; sourceTree = "<group>"; };
		6596382025701CCC005F6465 /* PlacesResponse.swift */ = {isa = PBXFileReference; lastKnownFileType = sourcecode.swift; path = PlacesResponse.swift; sourceTree = "<group>"; };
		6596382325701DC2005F6465 /* API.swift */ = {isa = PBXFileReference; lastKnownFileType = sourcecode.swift; path = API.swift; sourceTree = "<group>"; };
		6596382525701E71005F6465 /* PlaceMapper.swift */ = {isa = PBXFileReference; lastKnownFileType = sourcecode.swift; path = PlaceMapper.swift; sourceTree = "<group>"; };
		6596382725701F24005F6465 /* CustomError+Ext.swift */ = {isa = PBXFileReference; lastKnownFileType = sourcecode.swift; path = "CustomError+Ext.swift"; sourceTree = "<group>"; };
		65963829257023BF005F6465 /* HomeView.swift */ = {isa = PBXFileReference; lastKnownFileType = sourcecode.swift; path = HomeView.swift; sourceTree = "<group>"; };
		6596382C2570286B005F6465 /* TouristApp.xcdatamodel */ = {isa = PBXFileReference; lastKnownFileType = wrapper.xcdatamodel; path = TouristApp.xcdatamodel; sourceTree = "<group>"; };
/* End PBXFileReference section */

/* Begin PBXFrameworksBuildPhase section */
		659637E0256FEBF3005F6465 /* Frameworks */ = {
			isa = PBXFrameworksBuildPhase;
			buildActionMask = 2147483647;
			files = (
				654E7C8E2571817C002431AB /* RealmSwift in Frameworks */,
				65B5CB4825711E5C00E24E83 /* RxSwift in Frameworks */,
				65490B8C2570A9B600000A49 /* SDWebImageSwiftUI in Frameworks */,
				65B5CB4A25711E5C00E24E83 /* RxCocoa in Frameworks */,
				65963802256FF969005F6465 /* Alamofire in Frameworks */,
				654E7C8C2571817C002431AB /* Realm in Frameworks */,
			);
			runOnlyForDeploymentPostprocessing = 0;
		};
/* End PBXFrameworksBuildPhase section */

/* Begin PBXGroup section */
		65214E7F25722CCA008F33D9 /* Locale */ = {
			isa = PBXGroup;
			children = (
				65214E8025722CCF008F33D9 /* Entity */,
				65214E8125722CE6008F33D9 /* LocaleDataSource.swift */,
			);
			path = Locale;
			sourceTree = "<group>";
		};
		65214E8025722CCF008F33D9 /* Entity */ = {
			isa = PBXGroup;
			children = (
				65214E8325722E70008F33D9 /* PlaceEntity.swift */,
			);
			path = Entity;
			sourceTree = "<group>";
		};
		65214E8525724230008F33D9 /* Remote */ = {
			isa = PBXGroup;
			children = (
				65214E862572423B008F33D9 /* RemoteDataSource.swift */,
			);
			path = Remote;
			sourceTree = "<group>";
		};
		659637DA256FEBF3005F6465 = {
			isa = PBXGroup;
			children = (
				659637E5256FEBF3005F6465 /* TouristApp */,
				659637E4256FEBF3005F6465 /* Products */,
			);
			sourceTree = "<group>";
		};
		659637E4256FEBF3005F6465 /* Products */ = {
			isa = PBXGroup;
			children = (
				659637E3256FEBF3005F6465 /* TouristApp.app */,
			);
			name = Products;
			sourceTree = "<group>";
		};
		659637E5256FEBF3005F6465 /* TouristApp */ = {
			isa = PBXGroup;
			children = (
				659637ED256FEBF3005F6465 /* ContentView.swift */,
				659637E6256FEBF3005F6465 /* AppDelegate.swift */,
				659637E8256FEBF3005F6465 /* SceneDelegate.swift */,
				6596382225701DB8005F6465 /* Utilities */,
				6596381A25700169005F6465 /* Supporting Files */,
				659638172570009C005F6465 /* DI */,
				659638122570000B005F6465 /* Presentation */,
				659637FD256FF614005F6465 /* Data */,
				65963803256FFB8E005F6465 /* Domain */,
				659637F1256FEBF6005F6465 /* Preview Content */,
			);
			path = TouristApp;
			sourceTree = "<group>";
		};
		659637F1256FEBF6005F6465 /* Preview Content */ = {
			isa = PBXGroup;
			children = (
				659637F2256FEBF6005F6465 /* Preview Assets.xcassets */,
			);
			path = "Preview Content";
			sourceTree = "<group>";
		};
		659637FD256FF614005F6465 /* Data */ = {
			isa = PBXGroup;
			children = (
				65214E8525724230008F33D9 /* Remote */,
				65214E7F25722CCA008F33D9 /* Locale */,
				65963808256FFE44005F6465 /* PlaceRepositoryProtocol.swift */,
				6596380A256FFE7F005F6465 /* PlaceRepository.swift */,
				6596382025701CCC005F6465 /* PlacesResponse.swift */,
			);
			path = Data;
			sourceTree = "<group>";
		};
		65963803256FFB8E005F6465 /* Domain */ = {
			isa = PBXGroup;
			children = (
				6596380C256FFF27005F6465 /* PlaceModel.swift */,
				65963810256FFF70005F6465 /* PlaceInteractor.swift */,
				652E5DDB25711162007B72E6 /* DetailInteractor.swift */,
				65214E88257252A4008F33D9 /* FavoriteInteractor.swift */,
			);
			path = Domain;
			sourceTree = "<group>";
		};
		659638122570000B005F6465 /* Presentation */ = {
			isa = PBXGroup;
			children = (
				659638132570001D005F6465 /* PlacePresenter.swift */,
				6596381525700038005F6465 /* PlacePresenterProtocol.swift */,
				65963829257023BF005F6465 /* HomeView.swift */,
				65490B8D2570B07600000A49 /* HomeRouter.swift */,
				652E5DD725710077007B72E6 /* DetailView.swift */,
				652E5DD925710083007B72E6 /* DetailPresenter.swift */,
				65214E8A25725FFE008F33D9 /* FavoriteView.swift */,
				65214E8C25726030008F33D9 /* FavoritePresenter.swift */,
				652F2FED25736B9700CFB467 /* ProfileView.swift */,
			);
			path = Presentation;
			sourceTree = "<group>";
		};
		659638172570009C005F6465 /* DI */ = {
			isa = PBXGroup;
			children = (
				65963818257000A6005F6465 /* Injection.swift */,
			);
			path = DI;
			sourceTree = "<group>";
		};
		6596381A25700169005F6465 /* Supporting Files */ = {
			isa = PBXGroup;
			children = (
				659637EF256FEBF6005F6465 /* Assets.xcassets */,
				659637F4256FEBF6005F6465 /* LaunchScreen.storyboard */,
				659637F7256FEBF6005F6465 /* Info.plist */,
				6596382B2570286B005F6465 /* TouristApp.xcdatamodeld */,
			);
			path = "Supporting Files";
			sourceTree = "<group>";
		};
		6596382225701DB8005F6465 /* Utilities */ = {
			isa = PBXGroup;
			children = (
				6596382325701DC2005F6465 /* API.swift */,
				6596382525701E71005F6465 /* PlaceMapper.swift */,
				6596382725701F24005F6465 /* CustomError+Ext.swift */,
				65490B882570A63100000A49 /* ActivityIndicator.swift */,
				652F2FEB25735D8600CFB467 /* TabItem.swift */,
			);
			path = Utilities;
			sourceTree = "<group>";
		};
/* End PBXGroup section */

/* Begin PBXNativeTarget section */
		659637E2256FEBF3005F6465 /* TouristApp */ = {
			isa = PBXNativeTarget;
			buildConfigurationList = 659637FA256FEBF6005F6465 /* Build configuration list for PBXNativeTarget "TouristApp" */;
			buildPhases = (
				659637DF256FEBF3005F6465 /* Sources */,
				659637E0256FEBF3005F6465 /* Frameworks */,
				659637E1256FEBF3005F6465 /* Resources */,
				65214E7E2572280D008F33D9 /* ShellScript */,
			);
			buildRules = (
			);
			dependencies = (
			);
			name = TouristApp;
			packageProductDependencies = (
				65963801256FF969005F6465 /* Alamofire */,
				65490B8B2570A9B600000A49 /* SDWebImageSwiftUI */,
				65B5CB4725711E5C00E24E83 /* RxSwift */,
				65B5CB4925711E5C00E24E83 /* RxCocoa */,
				654E7C8B2571817C002431AB /* Realm */,
				654E7C8D2571817C002431AB /* RealmSwift */,
			);
			productName = TouristApp;
			productReference = 659637E3256FEBF3005F6465 /* TouristApp.app */;
			productType = "com.apple.product-type.application";
		};
/* End PBXNativeTarget section */

/* Begin PBXProject section */
		659637DB256FEBF3005F6465 /* Project object */ = {
			isa = PBXProject;
			attributes = {
				LastSwiftUpdateCheck = 1130;
				LastUpgradeCheck = 1130;
				ORGANIZATIONNAME = "Daniel Inc.";
				TargetAttributes = {
					659637E2256FEBF3005F6465 = {
						CreatedOnToolsVersion = 11.3.1;
					};
				};
			};
			buildConfigurationList = 659637DE256FEBF3005F6465 /* Build configuration list for PBXProject "TouristApp" */;
			compatibilityVersion = "Xcode 9.3";
			developmentRegion = en;
			hasScannedForEncodings = 0;
			knownRegions = (
				en,
				Base,
			);
			mainGroup = 659637DA256FEBF3005F6465;
			packageReferences = (
				65963800256FF969005F6465 /* XCRemoteSwiftPackageReference "Alamofire" */,
				65490B8A2570A9B600000A49 /* XCRemoteSwiftPackageReference "SDWebImageSwiftUI" */,
				65B5CB4625711E5C00E24E83 /* XCRemoteSwiftPackageReference "RxSwift" */,
				654E7C8A2571817C002431AB /* XCRemoteSwiftPackageReference "realm-cocoa" */,
			);
			productRefGroup = 659637E4256FEBF3005F6465 /* Products */;
			projectDirPath = "";
			projectRoot = "";
			targets = (
				659637E2256FEBF3005F6465 /* TouristApp */,
			);
		};
/* End PBXProject section */

/* Begin PBXResourcesBuildPhase section */
		659637E1256FEBF3005F6465 /* Resources */ = {
			isa = PBXResourcesBuildPhase;
			buildActionMask = 2147483647;
			files = (
				659637F6256FEBF6005F6465 /* LaunchScreen.storyboard in Resources */,
				659637F3256FEBF6005F6465 /* Preview Assets.xcassets in Resources */,
				659637F0256FEBF6005F6465 /* Assets.xcassets in Resources */,
			);
			runOnlyForDeploymentPostprocessing = 0;
		};
/* End PBXResourcesBuildPhase section */

/* Begin PBXShellScriptBuildPhase section */
		65214E7E2572280D008F33D9 /* ShellScript */ = {
			isa = PBXShellScriptBuildPhase;
			buildActionMask = 2147483647;
			files = (
			);
			inputFileListPaths = (
			);
			inputPaths = (
			);
			outputFileListPaths = (
			);
			outputPaths = (
			);
			runOnlyForDeploymentPostprocessing = 0;
			shellPath = /bin/sh;
			shellScript = "if which swiftlint >/dev/null; then \n    swiftlint \nelse \n    echo \"warning: SwiftLint not installed, download from https://github.com/realm/SwiftLint\" \nfi\n";
		};
/* End PBXShellScriptBuildPhase section */

/* Begin PBXSourcesBuildPhase section */
		659637DF256FEBF3005F6465 /* Sources */ = {
			isa = PBXSourcesBuildPhase;
			buildActionMask = 2147483647;
			files = (
				659638142570001D005F6465 /* PlacePresenter.swift in Sources */,
				6596382125701CCC005F6465 /* PlacesResponse.swift in Sources */,
				6596381625700038005F6465 /* PlacePresenterProtocol.swift in Sources */,
				65214E872572423B008F33D9 /* RemoteDataSource.swift in Sources */,
				65214E8225722CE6008F33D9 /* LocaleDataSource.swift in Sources */,
				6596382825701F24005F6465 /* CustomError+Ext.swift in Sources */,
				652E5DD825710077007B72E6 /* DetailView.swift in Sources */,
				652F2FEC25735D8600CFB467 /* TabItem.swift in Sources */,
				659637E7256FEBF3005F6465 /* AppDelegate.swift in Sources */,
				6596382625701E71005F6465 /* PlaceMapper.swift in Sources */,
				6596380B256FFE7F005F6465 /* PlaceRepository.swift in Sources */,
				65963819257000A6005F6465 /* Injection.swift in Sources */,
				65963811256FFF70005F6465 /* PlaceInteractor.swift in Sources */,
				65214E8425722E70008F33D9 /* PlaceEntity.swift in Sources */,
				659637EE256FEBF3005F6465 /* ContentView.swift in Sources */,
				65214E8B25725FFE008F33D9 /* FavoriteView.swift in Sources */,
				652F2FEE25736B9700CFB467 /* ProfileView.swift in Sources */,
				659637E9256FEBF3005F6465 /* SceneDelegate.swift in Sources */,
				65214E89257252A4008F33D9 /* FavoriteInteractor.swift in Sources */,
				652E5DDC25711162007B72E6 /* DetailInteractor.swift in Sources */,
				6596380D256FFF27005F6465 /* PlaceModel.swift in Sources */,
				652E5DDA25710083007B72E6 /* DetailPresenter.swift in Sources */,
				6596382425701DC2005F6465 /* API.swift in Sources */,
				65214E8D25726030008F33D9 /* FavoritePresenter.swift in Sources */,
				65490B8E2570B07600000A49 /* HomeRouter.swift in Sources */,
				65490B892570A63100000A49 /* ActivityIndicator.swift in Sources */,
				65963809256FFE44005F6465 /* PlaceRepositoryProtocol.swift in Sources */,
				6596382A257023BF005F6465 /* HomeView.swift in Sources */,
				6596382D2570286B005F6465 /* TouristApp.xcdatamodeld in Sources */,
			);
			runOnlyForDeploymentPostprocessing = 0;
		};
/* End PBXSourcesBuildPhase section */

/* Begin PBXVariantGroup section */
		659637F4256FEBF6005F6465 /* LaunchScreen.storyboard */ = {
			isa = PBXVariantGroup;
			children = (
				659637F5256FEBF6005F6465 /* Base */,
			);
			name = LaunchScreen.storyboard;
			sourceTree = "<group>";
		};
/* End PBXVariantGroup section */

/* Begin XCBuildConfiguration section */
		659637F8256FEBF6005F6465 /* Debug */ = {
			isa = XCBuildConfiguration;
			buildSettings = {
				ALWAYS_SEARCH_USER_PATHS = NO;
				CLANG_ANALYZER_NONNULL = YES;
				CLANG_ANALYZER_NUMBER_OBJECT_CONVERSION = YES_AGGRESSIVE;
				CLANG_CXX_LANGUAGE_STANDARD = "gnu++14";
				CLANG_CXX_LIBRARY = "libc++";
				CLANG_ENABLE_MODULES = YES;
				CLANG_ENABLE_OBJC_ARC = YES;
				CLANG_ENABLE_OBJC_WEAK = YES;
				CLANG_WARN_BLOCK_CAPTURE_AUTORELEASING = YES;
				CLANG_WARN_BOOL_CONVERSION = YES;
				CLANG_WARN_COMMA = YES;
				CLANG_WARN_CONSTANT_CONVERSION = YES;
				CLANG_WARN_DEPRECATED_OBJC_IMPLEMENTATIONS = YES;
				CLANG_WARN_DIRECT_OBJC_ISA_USAGE = YES_ERROR;
				CLANG_WARN_DOCUMENTATION_COMMENTS = YES;
				CLANG_WARN_EMPTY_BODY = YES;
				CLANG_WARN_ENUM_CONVERSION = YES;
				CLANG_WARN_INFINITE_RECURSION = YES;
				CLANG_WARN_INT_CONVERSION = YES;
				CLANG_WARN_NON_LITERAL_NULL_CONVERSION = YES;
				CLANG_WARN_OBJC_IMPLICIT_RETAIN_SELF = YES;
				CLANG_WARN_OBJC_LITERAL_CONVERSION = YES;
				CLANG_WARN_OBJC_ROOT_CLASS = YES_ERROR;
				CLANG_WARN_RANGE_LOOP_ANALYSIS = YES;
				CLANG_WARN_STRICT_PROTOTYPES = YES;
				CLANG_WARN_SUSPICIOUS_MOVE = YES;
				CLANG_WARN_UNGUARDED_AVAILABILITY = YES_AGGRESSIVE;
				CLANG_WARN_UNREACHABLE_CODE = YES;
				CLANG_WARN__DUPLICATE_METHOD_MATCH = YES;
				COPY_PHASE_STRIP = NO;
				DEBUG_INFORMATION_FORMAT = dwarf;
				ENABLE_STRICT_OBJC_MSGSEND = YES;
				ENABLE_TESTABILITY = YES;
				GCC_C_LANGUAGE_STANDARD = gnu11;
				GCC_DYNAMIC_NO_PIC = NO;
				GCC_NO_COMMON_BLOCKS = YES;
				GCC_OPTIMIZATION_LEVEL = 0;
				GCC_PREPROCESSOR_DEFINITIONS = (
					"DEBUG=1",
					"$(inherited)",
				);
				GCC_WARN_64_TO_32_BIT_CONVERSION = YES;
				GCC_WARN_ABOUT_RETURN_TYPE = YES_ERROR;
				GCC_WARN_UNDECLARED_SELECTOR = YES;
				GCC_WARN_UNINITIALIZED_AUTOS = YES_AGGRESSIVE;
				GCC_WARN_UNUSED_FUNCTION = YES;
				GCC_WARN_UNUSED_VARIABLE = YES;
				IPHONEOS_DEPLOYMENT_TARGET = 14.0;
				MTL_ENABLE_DEBUG_INFO = INCLUDE_SOURCE;
				MTL_FAST_MATH = YES;
				ONLY_ACTIVE_ARCH = YES;
				SDKROOT = iphoneos;
				SWIFT_ACTIVE_COMPILATION_CONDITIONS = DEBUG;
				SWIFT_OPTIMIZATION_LEVEL = "-Onone";
			};
			name = Debug;
		};
		659637F9256FEBF6005F6465 /* Release */ = {
			isa = XCBuildConfiguration;
			buildSettings = {
				ALWAYS_SEARCH_USER_PATHS = NO;
				CLANG_ANALYZER_NONNULL = YES;
				CLANG_ANALYZER_NUMBER_OBJECT_CONVERSION = YES_AGGRESSIVE;
				CLANG_CXX_LANGUAGE_STANDARD = "gnu++14";
				CLANG_CXX_LIBRARY = "libc++";
				CLANG_ENABLE_MODULES = YES;
				CLANG_ENABLE_OBJC_ARC = YES;
				CLANG_ENABLE_OBJC_WEAK = YES;
				CLANG_WARN_BLOCK_CAPTURE_AUTORELEASING = YES;
				CLANG_WARN_BOOL_CONVERSION = YES;
				CLANG_WARN_COMMA = YES;
				CLANG_WARN_CONSTANT_CONVERSION = YES;
				CLANG_WARN_DEPRECATED_OBJC_IMPLEMENTATIONS = YES;
				CLANG_WARN_DIRECT_OBJC_ISA_USAGE = YES_ERROR;
				CLANG_WARN_DOCUMENTATION_COMMENTS = YES;
				CLANG_WARN_EMPTY_BODY = YES;
				CLANG_WARN_ENUM_CONVERSION = YES;
				CLANG_WARN_INFINITE_RECURSION = YES;
				CLANG_WARN_INT_CONVERSION = YES;
				CLANG_WARN_NON_LITERAL_NULL_CONVERSION = YES;
				CLANG_WARN_OBJC_IMPLICIT_RETAIN_SELF = YES;
				CLANG_WARN_OBJC_LITERAL_CONVERSION = YES;
				CLANG_WARN_OBJC_ROOT_CLASS = YES_ERROR;
				CLANG_WARN_RANGE_LOOP_ANALYSIS = YES;
				CLANG_WARN_STRICT_PROTOTYPES = YES;
				CLANG_WARN_SUSPICIOUS_MOVE = YES;
				CLANG_WARN_UNGUARDED_AVAILABILITY = YES_AGGRESSIVE;
				CLANG_WARN_UNREACHABLE_CODE = YES;
				CLANG_WARN__DUPLICATE_METHOD_MATCH = YES;
				COPY_PHASE_STRIP = NO;
				DEBUG_INFORMATION_FORMAT = "dwarf-with-dsym";
				ENABLE_NS_ASSERTIONS = NO;
				ENABLE_STRICT_OBJC_MSGSEND = YES;
				GCC_C_LANGUAGE_STANDARD = gnu11;
				GCC_NO_COMMON_BLOCKS = YES;
				GCC_WARN_64_TO_32_BIT_CONVERSION = YES;
				GCC_WARN_ABOUT_RETURN_TYPE = YES_ERROR;
				GCC_WARN_UNDECLARED_SELECTOR = YES;
				GCC_WARN_UNINITIALIZED_AUTOS = YES_AGGRESSIVE;
				GCC_WARN_UNUSED_FUNCTION = YES;
				GCC_WARN_UNUSED_VARIABLE = YES;
				IPHONEOS_DEPLOYMENT_TARGET = 14.0;
				MTL_ENABLE_DEBUG_INFO = NO;
				MTL_FAST_MATH = YES;
				SDKROOT = iphoneos;
				SWIFT_COMPILATION_MODE = wholemodule;
				SWIFT_OPTIMIZATION_LEVEL = "-O";
				VALIDATE_PRODUCT = YES;
			};
			name = Release;
		};
		659637FB256FEBF6005F6465 /* Debug */ = {
			isa = XCBuildConfiguration;
			buildSettings = {
				ASSETCATALOG_COMPILER_APPICON_NAME = AppIcon;
				CODE_SIGN_STYLE = Automatic;
				DEVELOPMENT_ASSET_PATHS = "\"TouristApp/Preview Content\"";
				ENABLE_PREVIEWS = YES;
				INFOPLIST_FILE = "TouristApp/Supporting Files/Info.plist";
				IPHONEOS_DEPLOYMENT_TARGET = 13.2;
				LD_RUNPATH_SEARCH_PATHS = (
					"$(inherited)",
					"@executable_path/Frameworks",
				);
				PRODUCT_BUNDLE_IDENTIFIER = com.daniel.TouristApp;
				PRODUCT_NAME = "$(TARGET_NAME)";
				SWIFT_VERSION = 5.0;
				TARGETED_DEVICE_FAMILY = "1,2";
			};
			name = Debug;
		};
		659637FC256FEBF6005F6465 /* Release */ = {
			isa = XCBuildConfiguration;
			buildSettings = {
				ASSETCATALOG_COMPILER_APPICON_NAME = AppIcon;
				CODE_SIGN_STYLE = Automatic;
				DEVELOPMENT_ASSET_PATHS = "\"TouristApp/Preview Content\"";
				ENABLE_PREVIEWS = YES;
				INFOPLIST_FILE = "TouristApp/Supporting Files/Info.plist";
				IPHONEOS_DEPLOYMENT_TARGET = 13.2;
				LD_RUNPATH_SEARCH_PATHS = (
					"$(inherited)",
					"@executable_path/Frameworks",
				);
				PRODUCT_BUNDLE_IDENTIFIER = com.daniel.TouristApp;
				PRODUCT_NAME = "$(TARGET_NAME)";
				SWIFT_VERSION = 5.0;
				TARGETED_DEVICE_FAMILY = "1,2";
			};
			name = Release;
		};
/* End XCBuildConfiguration section */

/* Begin XCConfigurationList section */
		659637DE256FEBF3005F6465 /* Build configuration list for PBXProject "TouristApp" */ = {
			isa = XCConfigurationList;
			buildConfigurations = (
				659637F8256FEBF6005F6465 /* Debug */,
				659637F9256FEBF6005F6465 /* Release */,
			);
			defaultConfigurationIsVisible = 0;
			defaultConfigurationName = Release;
		};
		659637FA256FEBF6005F6465 /* Build configuration list for PBXNativeTarget "TouristApp" */ = {
			isa = XCConfigurationList;
			buildConfigurations = (
				659637FB256FEBF6005F6465 /* Debug */,
				659637FC256FEBF6005F6465 /* Release */,
			);
			defaultConfigurationIsVisible = 0;
			defaultConfigurationName = Release;
		};
/* End XCConfigurationList section */

/* Begin XCRemoteSwiftPackageReference section */
		65490B8A2570A9B600000A49 /* XCRemoteSwiftPackageReference "SDWebImageSwiftUI" */ = {
			isa = XCRemoteSwiftPackageReference;
			repositoryURL = "https://github.com/SDWebImage/SDWebImageSwiftUI";
			requirement = {
				kind = upToNextMajorVersion;
				minimumVersion = 1.5.0;
			};
		};
		654E7C8A2571817C002431AB /* XCRemoteSwiftPackageReference "realm-cocoa" */ = {
			isa = XCRemoteSwiftPackageReference;
			repositoryURL = "https://github.com/realm/realm-cocoa";
			requirement = {
				kind = upToNextMajorVersion;
				minimumVersion = 10.1.4;
			};
		};
		65963800256FF969005F6465 /* XCRemoteSwiftPackageReference "Alamofire" */ = {
			isa = XCRemoteSwiftPackageReference;
			repositoryURL = "https://github.com/Alamofire/Alamofire";
			requirement = {
				kind = upToNextMajorVersion;
				minimumVersion = 5.4.0;
			};
		};
		65B5CB4625711E5C00E24E83 /* XCRemoteSwiftPackageReference "RxSwift" */ = {
			isa = XCRemoteSwiftPackageReference;
			repositoryURL = "https://github.com/ReactiveX/RxSwift";
			requirement = {
				kind = upToNextMajorVersion;
				minimumVersion = 5.1.1;
			};
		};
/* End XCRemoteSwiftPackageReference section */

/* Begin XCSwiftPackageProductDependency section */
		65490B8B2570A9B600000A49 /* SDWebImageSwiftUI */ = {
			isa = XCSwiftPackageProductDependency;
			package = 65490B8A2570A9B600000A49 /* XCRemoteSwiftPackageReference "SDWebImageSwiftUI" */;
			productName = SDWebImageSwiftUI;
		};
		654E7C8B2571817C002431AB /* Realm */ = {
			isa = XCSwiftPackageProductDependency;
			package = 654E7C8A2571817C002431AB /* XCRemoteSwiftPackageReference "realm-cocoa" */;
			productName = Realm;
		};
		654E7C8D2571817C002431AB /* RealmSwift */ = {
			isa = XCSwiftPackageProductDependency;
			package = 654E7C8A2571817C002431AB /* XCRemoteSwiftPackageReference "realm-cocoa" */;
			productName = RealmSwift;
		};
		65963801256FF969005F6465 /* Alamofire */ = {
			isa = XCSwiftPackageProductDependency;
			package = 65963800256FF969005F6465 /* XCRemoteSwiftPackageReference "Alamofire" */;
			productName = Alamofire;
		};
		65B5CB4725711E5C00E24E83 /* RxSwift */ = {
			isa = XCSwiftPackageProductDependency;
			package = 65B5CB4625711E5C00E24E83 /* XCRemoteSwiftPackageReference "RxSwift" */;
			productName = RxSwift;
		};
		65B5CB4925711E5C00E24E83 /* RxCocoa */ = {
			isa = XCSwiftPackageProductDependency;
			package = 65B5CB4625711E5C00E24E83 /* XCRemoteSwiftPackageReference "RxSwift" */;
			productName = RxCocoa;
		};
/* End XCSwiftPackageProductDependency section */

/* Begin XCVersionGroup section */
		6596382B2570286B005F6465 /* TouristApp.xcdatamodeld */ = {
			isa = XCVersionGroup;
			children = (
				6596382C2570286B005F6465 /* TouristApp.xcdatamodel */,
			);
			currentVersion = 6596382C2570286B005F6465 /* TouristApp.xcdatamodel */;
			path = TouristApp.xcdatamodeld;
			sourceTree = "<group>";
			versionGroupType = wrapper.xcdatamodel;
		};
/* End XCVersionGroup section */
	};
	rootObject = 659637DB256FEBF3005F6465 /* Project object */;
}
