// !$*UTF8*$!
{
	archiveVersion = 1;
	classes = {
	};
	objectVersion = 52;
	objects = {

/* Begin PBXBuildFile section */
		6520422F25BD65A400A98391 /* TouristAppUITests.swift in Sources */ = {isa = PBXBuildFile; fileRef = 6520422E25BD65A400A98391 /* TouristAppUITests.swift */; };
		6520423D25BD65AF00A98391 /* TouristAppTests.swift in Sources */ = {isa = PBXBuildFile; fileRef = 6520423C25BD65AF00A98391 /* TouristAppTests.swift */; };
		65214E8B25725FFE008F33D9 /* FavoriteView.swift in Sources */ = {isa = PBXBuildFile; fileRef = 65214E8A25725FFE008F33D9 /* FavoriteView.swift */; };
		652E5DD825710077007B72E6 /* DetailView.swift in Sources */ = {isa = PBXBuildFile; fileRef = 652E5DD725710077007B72E6 /* DetailView.swift */; };
		652E5DDA25710083007B72E6 /* DetailPresenter.swift in Sources */ = {isa = PBXBuildFile; fileRef = 652E5DD925710083007B72E6 /* DetailPresenter.swift */; };
		652F2FEC25735D8600CFB467 /* TabItem.swift in Sources */ = {isa = PBXBuildFile; fileRef = 652F2FEB25735D8600CFB467 /* TabItem.swift */; };
		652F2FEE25736B9700CFB467 /* ProfileView.swift in Sources */ = {isa = PBXBuildFile; fileRef = 652F2FED25736B9700CFB467 /* ProfileView.swift */; };
		654071EC25CFF0D600828F34 /* Place.framework in Frameworks */ = {isa = PBXBuildFile; fileRef = 654071EB25CFF0D600828F34 /* Place.framework */; };
		654071F025CFF0DC00828F34 /* Core.framework in Frameworks */ = {isa = PBXBuildFile; fileRef = 654071EF25CFF0DC00828F34 /* Core.framework */; };
		65490B892570A63100000A49 /* ActivityIndicator.swift in Sources */ = {isa = PBXBuildFile; fileRef = 65490B882570A63100000A49 /* ActivityIndicator.swift */; };
		65490B8C2570A9B600000A49 /* BuildFile in Frameworks */ = {isa = PBXBuildFile; productRef = 65490B8B2570A9B600000A49 /* SwiftPackageProductDependency */; };
		65490B8E2570B07600000A49 /* HomeRouter.swift in Sources */ = {isa = PBXBuildFile; fileRef = 65490B8D2570B07600000A49 /* HomeRouter.swift */; };
		6576412625C579A600A29C6C /* CustomEmptyView.swift in Sources */ = {isa = PBXBuildFile; fileRef = 6576412525C579A600A29C6C /* CustomEmptyView.swift */; };
		6576412825C57A0D00A29C6C /* PlaceRow.swift in Sources */ = {isa = PBXBuildFile; fileRef = 6576412725C57A0D00A29C6C /* PlaceRow.swift */; };
		659637E7256FEBF3005F6465 /* AppDelegate.swift in Sources */ = {isa = PBXBuildFile; fileRef = 659637E6256FEBF3005F6465 /* AppDelegate.swift */; };
		659637E9256FEBF3005F6465 /* SceneDelegate.swift in Sources */ = {isa = PBXBuildFile; fileRef = 659637E8256FEBF3005F6465 /* SceneDelegate.swift */; };
		659637EE256FEBF3005F6465 /* ContentView.swift in Sources */ = {isa = PBXBuildFile; fileRef = 659637ED256FEBF3005F6465 /* ContentView.swift */; };
		659637F0256FEBF6005F6465 /* Assets.xcassets in Resources */ = {isa = PBXBuildFile; fileRef = 659637EF256FEBF6005F6465 /* Assets.xcassets */; };
		659637F3256FEBF6005F6465 /* Preview Assets.xcassets in Resources */ = {isa = PBXBuildFile; fileRef = 659637F2256FEBF6005F6465 /* Preview Assets.xcassets */; };
		659637F6256FEBF6005F6465 /* LaunchScreen.storyboard in Resources */ = {isa = PBXBuildFile; fileRef = 659637F4256FEBF6005F6465 /* LaunchScreen.storyboard */; };
		65963819257000A6005F6465 /* Injection.swift in Sources */ = {isa = PBXBuildFile; fileRef = 65963818257000A6005F6465 /* Injection.swift */; };
		6596382425701DC2005F6465 /* API.swift in Sources */ = {isa = PBXBuildFile; fileRef = 6596382325701DC2005F6465 /* API.swift */; };
		6596382A257023BF005F6465 /* HomeView.swift in Sources */ = {isa = PBXBuildFile; fileRef = 65963829257023BF005F6465 /* HomeView.swift */; };
		6596382D2570286B005F6465 /* TouristApp.xcdatamodeld in Sources */ = {isa = PBXBuildFile; fileRef = 6596382B2570286B005F6465 /* TouristApp.xcdatamodeld */; };
		65B5CB4825711E5C00E24E83 /* BuildFile in Frameworks */ = {isa = PBXBuildFile; productRef = 65B5CB4725711E5C00E24E83 /* SwiftPackageProductDependency */; };
		65B5CB4A25711E5C00E24E83 /* BuildFile in Frameworks */ = {isa = PBXBuildFile; productRef = 65B5CB4925711E5C00E24E83 /* SwiftPackageProductDependency */; };
		9B507EDA13A66A37512EE014 /* Pods_TouristApp.framework in Frameworks */ = {isa = PBXBuildFile; fileRef = 430F4E001EFCC980FAEA403F /* Pods_TouristApp.framework */; };
/* End PBXBuildFile section */

/* Begin PBXContainerItemProxy section */
		6520423125BD65A400A98391 /* PBXContainerItemProxy */ = {
			isa = PBXContainerItemProxy;
			containerPortal = 659637DB256FEBF3005F6465 /* Project object */;
			proxyType = 1;
			remoteGlobalIDString = 659637E2256FEBF3005F6465;
			remoteInfo = TouristApp;
		};
		6520423F25BD65AF00A98391 /* PBXContainerItemProxy */ = {
			isa = PBXContainerItemProxy;
			containerPortal = 659637DB256FEBF3005F6465 /* Project object */;
			proxyType = 1;
			remoteGlobalIDString = 659637E2256FEBF3005F6465;
			remoteInfo = TouristApp;
		};
		6540721D25D02E9B00828F34 /* PBXContainerItemProxy */ = {
			isa = PBXContainerItemProxy;
			containerPortal = 6540721925D02E9B00828F34 /* Core.xcodeproj */;
			proxyType = 2;
			remoteGlobalIDString = 6525749725C45CB30097E525;
			remoteInfo = Core;
		};
		6540722325D02E9B00828F34 /* PBXContainerItemProxy */ = {
			isa = PBXContainerItemProxy;
			containerPortal = 6540721F25D02E9B00828F34 /* Place.xcodeproj */;
			proxyType = 2;
			remoteGlobalIDString = 657640C525C533E100A29C6C;
			remoteInfo = Place;
		};
		65DACA2325D03F0C00DE5FB5 /* PBXContainerItemProxy */ = {
			isa = PBXContainerItemProxy;
			containerPortal = 65DACA1B25D03F0C00DE5FB5 /* Pods.xcodeproj */;
			proxyType = 2;
			remoteGlobalIDString = 5296A899114AD35114F1DF5C3460F83A;
			remoteInfo = "Pods-Core";
		};
		65DACA2525D03F0C00DE5FB5 /* PBXContainerItemProxy */ = {
			isa = PBXContainerItemProxy;
			containerPortal = 65DACA1B25D03F0C00DE5FB5 /* Pods.xcodeproj */;
			proxyType = 2;
			remoteGlobalIDString = 9132FA2CC96CA3BA90292F97BEAA4854;
			remoteInfo = "Pods-Place";
		};
		65DACA2725D03F0C00DE5FB5 /* PBXContainerItemProxy */ = {
			isa = PBXContainerItemProxy;
			containerPortal = 65DACA1B25D03F0C00DE5FB5 /* Pods.xcodeproj */;
			proxyType = 2;
			remoteGlobalIDString = 3962B7CDEC72028311FB56A9E27D070F;
			remoteInfo = "Pods-TouristApp";
		};
/* End PBXContainerItemProxy section */

/* Begin PBXFileReference section */
		430F4E001EFCC980FAEA403F /* Pods_TouristApp.framework */ = {isa = PBXFileReference; explicitFileType = wrapper.framework; includeInIndex = 0; path = Pods_TouristApp.framework; sourceTree = BUILT_PRODUCTS_DIR; };
		650190D225CFC2B900152DD4 /* Core.framework */ = {isa = PBXFileReference; explicitFileType = wrapper.framework; path = Core.framework; sourceTree = BUILT_PRODUCTS_DIR; };
		650190D625CFC2BF00152DD4 /* Place.framework */ = {isa = PBXFileReference; explicitFileType = wrapper.framework; path = Place.framework; sourceTree = BUILT_PRODUCTS_DIR; };
		650190DC25CFC65E00152DD4 /* Core.framework */ = {isa = PBXFileReference; explicitFileType = wrapper.framework; path = Core.framework; sourceTree = BUILT_PRODUCTS_DIR; };
		650190E025CFC66300152DD4 /* Place.framework */ = {isa = PBXFileReference; explicitFileType = wrapper.framework; path = Place.framework; sourceTree = BUILT_PRODUCTS_DIR; };
		650190E925CFC76400152DD4 /* Core.framework */ = {isa = PBXFileReference; explicitFileType = wrapper.framework; path = Core.framework; sourceTree = BUILT_PRODUCTS_DIR; };
		650190ED25CFC76700152DD4 /* Place.framework */ = {isa = PBXFileReference; explicitFileType = wrapper.framework; path = Place.framework; sourceTree = BUILT_PRODUCTS_DIR; };
		6520422C25BD65A400A98391 /* TouristAppUITests.xctest */ = {isa = PBXFileReference; explicitFileType = wrapper.cfbundle; includeInIndex = 0; path = TouristAppUITests.xctest; sourceTree = BUILT_PRODUCTS_DIR; };
		6520422E25BD65A400A98391 /* TouristAppUITests.swift */ = {isa = PBXFileReference; lastKnownFileType = sourcecode.swift; path = TouristAppUITests.swift; sourceTree = "<group>"; };
		6520423025BD65A400A98391 /* Info.plist */ = {isa = PBXFileReference; lastKnownFileType = text.plist.xml; path = Info.plist; sourceTree = "<group>"; };
		6520423A25BD65AF00A98391 /* TouristAppTests.xctest */ = {isa = PBXFileReference; explicitFileType = wrapper.cfbundle; includeInIndex = 0; path = TouristAppTests.xctest; sourceTree = BUILT_PRODUCTS_DIR; };
		6520423C25BD65AF00A98391 /* TouristAppTests.swift */ = {isa = PBXFileReference; lastKnownFileType = sourcecode.swift; path = TouristAppTests.swift; sourceTree = "<group>"; };
		6520423E25BD65AF00A98391 /* Info.plist */ = {isa = PBXFileReference; lastKnownFileType = text.plist.xml; path = Info.plist; sourceTree = "<group>"; };
		65214E8A25725FFE008F33D9 /* FavoriteView.swift */ = {isa = PBXFileReference; lastKnownFileType = sourcecode.swift; path = FavoriteView.swift; sourceTree = "<group>"; };
		652E5DD725710077007B72E6 /* DetailView.swift */ = {isa = PBXFileReference; lastKnownFileType = sourcecode.swift; path = DetailView.swift; sourceTree = "<group>"; };
		652E5DD925710083007B72E6 /* DetailPresenter.swift */ = {isa = PBXFileReference; lastKnownFileType = sourcecode.swift; path = DetailPresenter.swift; sourceTree = "<group>"; };
		652F2FEB25735D8600CFB467 /* TabItem.swift */ = {isa = PBXFileReference; lastKnownFileType = sourcecode.swift; path = TabItem.swift; sourceTree = "<group>"; };
		652F2FED25736B9700CFB467 /* ProfileView.swift */ = {isa = PBXFileReference; lastKnownFileType = sourcecode.swift; path = ProfileView.swift; sourceTree = "<group>"; };
		654071EB25CFF0D600828F34 /* Place.framework */ = {isa = PBXFileReference; explicitFileType = wrapper.framework; path = Place.framework; sourceTree = BUILT_PRODUCTS_DIR; };
		654071EF25CFF0DC00828F34 /* Core.framework */ = {isa = PBXFileReference; explicitFileType = wrapper.framework; path = Core.framework; sourceTree = BUILT_PRODUCTS_DIR; };
		6540721925D02E9B00828F34 /* Core.xcodeproj */ = {isa = PBXFileReference; lastKnownFileType = "wrapper.pb-project"; name = Core.xcodeproj; path = ../Core/Core.xcodeproj; sourceTree = "<group>"; };
		6540721F25D02E9B00828F34 /* Place.xcodeproj */ = {isa = PBXFileReference; lastKnownFileType = "wrapper.pb-project"; name = Place.xcodeproj; path = ../Place/Place.xcodeproj; sourceTree = "<group>"; };
		65490B882570A63100000A49 /* ActivityIndicator.swift */ = {isa = PBXFileReference; lastKnownFileType = sourcecode.swift; path = ActivityIndicator.swift; sourceTree = "<group>"; };
		65490B8D2570B07600000A49 /* HomeRouter.swift */ = {isa = PBXFileReference; lastKnownFileType = sourcecode.swift; path = HomeRouter.swift; sourceTree = "<group>"; };
		6555D93625D034930010BDAF /* TouristApp.xctestplan */ = {isa = PBXFileReference; lastKnownFileType = text; path = TouristApp.xctestplan; sourceTree = "<group>"; };
		657640FA25C5366500A29C6C /* Core.framework */ = {isa = PBXFileReference; explicitFileType = wrapper.framework; path = Core.framework; sourceTree = BUILT_PRODUCTS_DIR; };
		657640FE25C5368B00A29C6C /* Favorite.framework */ = {isa = PBXFileReference; explicitFileType = wrapper.framework; path = Favorite.framework; sourceTree = BUILT_PRODUCTS_DIR; };
		6576410225C5368E00A29C6C /* Place.framework */ = {isa = PBXFileReference; explicitFileType = wrapper.framework; path = Place.framework; sourceTree = BUILT_PRODUCTS_DIR; };
		6576410525C5369A00A29C6C /* Profile.framework */ = {isa = PBXFileReference; explicitFileType = wrapper.framework; path = Profile.framework; sourceTree = BUILT_PRODUCTS_DIR; };
		6576412525C579A600A29C6C /* CustomEmptyView.swift */ = {isa = PBXFileReference; lastKnownFileType = sourcecode.swift; path = CustomEmptyView.swift; sourceTree = "<group>"; };
		6576412725C57A0D00A29C6C /* PlaceRow.swift */ = {isa = PBXFileReference; lastKnownFileType = sourcecode.swift; path = PlaceRow.swift; sourceTree = "<group>"; };
		659637E3256FEBF3005F6465 /* TouristApp.app */ = {isa = PBXFileReference; explicitFileType = wrapper.application; includeInIndex = 0; path = TouristApp.app; sourceTree = BUILT_PRODUCTS_DIR; };
		659637E6256FEBF3005F6465 /* AppDelegate.swift */ = {isa = PBXFileReference; lastKnownFileType = sourcecode.swift; path = AppDelegate.swift; sourceTree = "<group>"; };
		659637E8256FEBF3005F6465 /* SceneDelegate.swift */ = {isa = PBXFileReference; lastKnownFileType = sourcecode.swift; path = SceneDelegate.swift; sourceTree = "<group>"; };
		659637ED256FEBF3005F6465 /* ContentView.swift */ = {isa = PBXFileReference; lastKnownFileType = sourcecode.swift; path = ContentView.swift; sourceTree = "<group>"; };
		659637EF256FEBF6005F6465 /* Assets.xcassets */ = {isa = PBXFileReference; lastKnownFileType = folder.assetcatalog; path = Assets.xcassets; sourceTree = "<group>"; };
		659637F2256FEBF6005F6465 /* Preview Assets.xcassets */ = {isa = PBXFileReference; lastKnownFileType = folder.assetcatalog; path = "Preview Assets.xcassets"; sourceTree = "<group>"; };
		659637F5256FEBF6005F6465 /* Base */ = {isa = PBXFileReference; lastKnownFileType = file.storyboard; name = Base; path = Base.lproj/LaunchScreen.storyboard; sourceTree = "<group>"; };
		659637F7256FEBF6005F6465 /* Info.plist */ = {isa = PBXFileReference; lastKnownFileType = text.plist.xml; path = Info.plist; sourceTree = "<group>"; };
		65963818257000A6005F6465 /* Injection.swift */ = {isa = PBXFileReference; lastKnownFileType = sourcecode.swift; path = Injection.swift; sourceTree = "<group>"; };
		6596382325701DC2005F6465 /* API.swift */ = {isa = PBXFileReference; lastKnownFileType = sourcecode.swift; path = API.swift; sourceTree = "<group>"; };
		65963829257023BF005F6465 /* HomeView.swift */ = {isa = PBXFileReference; lastKnownFileType = sourcecode.swift; path = HomeView.swift; sourceTree = "<group>"; };
		6596382C2570286B005F6465 /* TouristApp.xcdatamodel */ = {isa = PBXFileReference; lastKnownFileType = wrapper.xcdatamodel; path = TouristApp.xcdatamodel; sourceTree = "<group>"; };
		65DACA1B25D03F0C00DE5FB5 /* Pods.xcodeproj */ = {isa = PBXFileReference; lastKnownFileType = "wrapper.pb-project"; name = Pods.xcodeproj; path = Pods/Pods.xcodeproj; sourceTree = "<group>"; };
		9442CB15D65395E4AF31AEE2 /* Pods-TouristApp.release.xcconfig */ = {isa = PBXFileReference; includeInIndex = 1; lastKnownFileType = text.xcconfig; name = "Pods-TouristApp.release.xcconfig"; path = "Target Support Files/Pods-TouristApp/Pods-TouristApp.release.xcconfig"; sourceTree = "<group>"; };
		9B604046CFB6385F2E07709C /* Pods-TouristApp.debug.xcconfig */ = {isa = PBXFileReference; includeInIndex = 1; lastKnownFileType = text.xcconfig; name = "Pods-TouristApp.debug.xcconfig"; path = "Target Support Files/Pods-TouristApp/Pods-TouristApp.debug.xcconfig"; sourceTree = "<group>"; };
/* End PBXFileReference section */

/* Begin PBXFrameworksBuildPhase section */
		6520422925BD65A400A98391 /* Frameworks */ = {
			isa = PBXFrameworksBuildPhase;
			buildActionMask = 2147483647;
			files = (
			);
			runOnlyForDeploymentPostprocessing = 0;
		};
		6520423725BD65AF00A98391 /* Frameworks */ = {
			isa = PBXFrameworksBuildPhase;
			buildActionMask = 2147483647;
			files = (
			);
			runOnlyForDeploymentPostprocessing = 0;
		};
		659637E0256FEBF3005F6465 /* Frameworks */ = {
			isa = PBXFrameworksBuildPhase;
			buildActionMask = 2147483647;
			files = (
				65B5CB4825711E5C00E24E83 /* BuildFile in Frameworks */,
				65490B8C2570A9B600000A49 /* BuildFile in Frameworks */,
				654071F025CFF0DC00828F34 /* Core.framework in Frameworks */,
				654071EC25CFF0D600828F34 /* Place.framework in Frameworks */,
				65B5CB4A25711E5C00E24E83 /* BuildFile in Frameworks */,
				9B507EDA13A66A37512EE014 /* Pods_TouristApp.framework in Frameworks */,
			);
			runOnlyForDeploymentPostprocessing = 0;
		};
/* End PBXFrameworksBuildPhase section */

/* Begin PBXGroup section */
		1B5379FD8C65B8ED57FAE85D /* Pods */ = {
			isa = PBXGroup;
			children = (
				9B604046CFB6385F2E07709C /* Pods-TouristApp.debug.xcconfig */,
				9442CB15D65395E4AF31AEE2 /* Pods-TouristApp.release.xcconfig */,
			);
			path = Pods;
			sourceTree = "<group>";
		};
		3C54C460C903A9AA0A409172 /* Frameworks */ = {
			isa = PBXGroup;
			children = (
				650190ED25CFC76700152DD4 /* Place.framework */,
				650190E925CFC76400152DD4 /* Core.framework */,
				654071EF25CFF0DC00828F34 /* Core.framework */,
				654071EB25CFF0D600828F34 /* Place.framework */,
				650190E025CFC66300152DD4 /* Place.framework */,
				650190DC25CFC65E00152DD4 /* Core.framework */,
				650190D625CFC2BF00152DD4 /* Place.framework */,
				650190D225CFC2B900152DD4 /* Core.framework */,
				6576410525C5369A00A29C6C /* Profile.framework */,
				6576410225C5368E00A29C6C /* Place.framework */,
				657640FE25C5368B00A29C6C /* Favorite.framework */,
				657640FA25C5366500A29C6C /* Core.framework */,
				430F4E001EFCC980FAEA403F /* Pods_TouristApp.framework */,
			);
			name = Frameworks;
			sourceTree = "<group>";
		};
		651DB3B325C6AE5D0006B257 /* Module */ = {
			isa = PBXGroup;
			children = (
				651DB3B725C6AE870006B257 /* Profile */,
				651DB3B625C6AE7F0006B257 /* Favorite */,
				651DB3B525C6AE7A0006B257 /* Detail */,
				651DB3B425C6AE670006B257 /* Home */,
			);
			path = Module;
			sourceTree = "<group>";
		};
		651DB3B425C6AE670006B257 /* Home */ = {
			isa = PBXGroup;
			children = (
				6576412725C57A0D00A29C6C /* PlaceRow.swift */,
				65490B8D2570B07600000A49 /* HomeRouter.swift */,
				65963829257023BF005F6465 /* HomeView.swift */,
			);
			path = Home;
			sourceTree = "<group>";
		};
		651DB3B525C6AE7A0006B257 /* Detail */ = {
			isa = PBXGroup;
			children = (
				652E5DD925710083007B72E6 /* DetailPresenter.swift */,
				652E5DD725710077007B72E6 /* DetailView.swift */,
			);
			path = Detail;
			sourceTree = "<group>";
		};
		651DB3B625C6AE7F0006B257 /* Favorite */ = {
			isa = PBXGroup;
			children = (
				65214E8A25725FFE008F33D9 /* FavoriteView.swift */,
			);
			path = Favorite;
			sourceTree = "<group>";
		};
		651DB3B725C6AE870006B257 /* Profile */ = {
			isa = PBXGroup;
			children = (
				652F2FED25736B9700CFB467 /* ProfileView.swift */,
			);
			path = Profile;
			sourceTree = "<group>";
		};
		6520422D25BD65A400A98391 /* TouristAppUITests */ = {
			isa = PBXGroup;
			children = (
				6520423025BD65A400A98391 /* Info.plist */,
				6520422E25BD65A400A98391 /* TouristAppUITests.swift */,
			);
			path = TouristAppUITests;
			sourceTree = "<group>";
		};
		6520423B25BD65AF00A98391 /* TouristAppTests */ = {
			isa = PBXGroup;
			children = (
				6520423E25BD65AF00A98391 /* Info.plist */,
				6520423C25BD65AF00A98391 /* TouristAppTests.swift */,
			);
			path = TouristAppTests;
			sourceTree = "<group>";
		};
		6540721A25D02E9B00828F34 /* Products */ = {
			isa = PBXGroup;
			children = (
				6540721E25D02E9B00828F34 /* Core.framework */,
			);
			name = Products;
			sourceTree = "<group>";
		};
		6540722025D02E9B00828F34 /* Products */ = {
			isa = PBXGroup;
			children = (
				6540722425D02E9B00828F34 /* Place.framework */,
			);
			name = Products;
			sourceTree = "<group>";
		};
		659637DA256FEBF3005F6465 = {
			isa = PBXGroup;
			children = (
				65DACA1B25D03F0C00DE5FB5 /* Pods.xcodeproj */,
				6555D93625D034930010BDAF /* TouristApp.xctestplan */,
				6540721925D02E9B00828F34 /* Core.xcodeproj */,
				6540721F25D02E9B00828F34 /* Place.xcodeproj */,
				3C54C460C903A9AA0A409172 /* Frameworks */,
				1B5379FD8C65B8ED57FAE85D /* Pods */,
				659637E4256FEBF3005F6465 /* Products */,
				659637E5256FEBF3005F6465 /* TouristApp */,
				6520423B25BD65AF00A98391 /* TouristAppTests */,
				6520422D25BD65A400A98391 /* TouristAppUITests */,
			);
			sourceTree = "<group>";
		};
		659637E4256FEBF3005F6465 /* Products */ = {
			isa = PBXGroup;
			children = (
				659637E3256FEBF3005F6465 /* TouristApp.app */,
				6520422C25BD65A400A98391 /* TouristAppUITests.xctest */,
				6520423A25BD65AF00A98391 /* TouristAppTests.xctest */,
			);
			name = Products;
			sourceTree = "<group>";
		};
		659637E5256FEBF3005F6465 /* TouristApp */ = {
			isa = PBXGroup;
			children = (
				651DB3B325C6AE5D0006B257 /* Module */,
				659638172570009C005F6465 /* DI */,
				659637F1256FEBF6005F6465 /* Preview Content */,
				6596381A25700169005F6465 /* Supporting Files */,
				6596382225701DB8005F6465 /* Utilities */,
				659637E6256FEBF3005F6465 /* AppDelegate.swift */,
				659637ED256FEBF3005F6465 /* ContentView.swift */,
				659637E8256FEBF3005F6465 /* SceneDelegate.swift */,
			);
			path = TouristApp;
			sourceTree = "<group>";
		};
		659637F1256FEBF6005F6465 /* Preview Content */ = {
			isa = PBXGroup;
			children = (
				659637F2256FEBF6005F6465 /* Preview Assets.xcassets */,
			);
			path = "Preview Content";
			sourceTree = "<group>";
		};
		659638172570009C005F6465 /* DI */ = {
			isa = PBXGroup;
			children = (
				65963818257000A6005F6465 /* Injection.swift */,
			);
			path = DI;
			sourceTree = "<group>";
		};
		6596381A25700169005F6465 /* Supporting Files */ = {
			isa = PBXGroup;
			children = (
				659637EF256FEBF6005F6465 /* Assets.xcassets */,
				659637F7256FEBF6005F6465 /* Info.plist */,
				659637F4256FEBF6005F6465 /* LaunchScreen.storyboard */,
				6596382B2570286B005F6465 /* TouristApp.xcdatamodeld */,
			);
			path = "Supporting Files";
			sourceTree = "<group>";
		};
		6596382225701DB8005F6465 /* Utilities */ = {
			isa = PBXGroup;
			children = (
				6596382325701DC2005F6465 /* API.swift */,
				65490B882570A63100000A49 /* ActivityIndicator.swift */,
				6576412525C579A600A29C6C /* CustomEmptyView.swift */,
				652F2FEB25735D8600CFB467 /* TabItem.swift */,
			);
			path = Utilities;
			sourceTree = "<group>";
		};
		65DACA1C25D03F0C00DE5FB5 /* Products */ = {
			isa = PBXGroup;
			children = (
				65DACA2425D03F0C00DE5FB5 /* Pods_Core.framework */,
				65DACA2625D03F0C00DE5FB5 /* Pods_Place.framework */,
				65DACA2825D03F0C00DE5FB5 /* Pods_TouristApp.framework */,
			);
			name = Products;
			sourceTree = "<group>";
		};
/* End PBXGroup section */

/* Begin PBXNativeTarget section */
		6520422B25BD65A400A98391 /* TouristAppUITests */ = {
			isa = PBXNativeTarget;
			buildConfigurationList = 6520423325BD65A400A98391 /* Build configuration list for PBXNativeTarget "TouristAppUITests" */;
			buildPhases = (
				6520422825BD65A400A98391 /* Sources */,
				6520422925BD65A400A98391 /* Frameworks */,
				6520422A25BD65A400A98391 /* Resources */,
			);
			buildRules = (
			);
			dependencies = (
				6520423225BD65A400A98391 /* PBXTargetDependency */,
			);
			name = TouristAppUITests;
			productName = TouristAppUITests;
			productReference = 6520422C25BD65A400A98391 /* TouristAppUITests.xctest */;
			productType = "com.apple.product-type.bundle.ui-testing";
		};
		6520423925BD65AF00A98391 /* TouristAppTests */ = {
			isa = PBXNativeTarget;
			buildConfigurationList = 6520424125BD65AF00A98391 /* Build configuration list for PBXNativeTarget "TouristAppTests" */;
			buildPhases = (
				6520423625BD65AF00A98391 /* Sources */,
				6520423725BD65AF00A98391 /* Frameworks */,
				6520423825BD65AF00A98391 /* Resources */,
			);
			buildRules = (
			);
			dependencies = (
				6520424025BD65AF00A98391 /* PBXTargetDependency */,
			);
			name = TouristAppTests;
			productName = TouristAppTests;
			productReference = 6520423A25BD65AF00A98391 /* TouristAppTests.xctest */;
			productType = "com.apple.product-type.bundle.unit-test";
		};
		659637E2256FEBF3005F6465 /* TouristApp */ = {
			isa = PBXNativeTarget;
			buildConfigurationList = 659637FA256FEBF6005F6465 /* Build configuration list for PBXNativeTarget "TouristApp" */;
			buildPhases = (
				E66C7A7B2FA817C68D807226 /* [CP] Check Pods Manifest.lock */,
				659637DF256FEBF3005F6465 /* Sources */,
				659637E0256FEBF3005F6465 /* Frameworks */,
				659637E1256FEBF3005F6465 /* Resources */,
				65214E7E2572280D008F33D9 /* ShellScript */,
			);
			buildRules = (
			);
			dependencies = (
			);
			name = TouristApp;
			packageProductDependencies = (
				65490B8B2570A9B600000A49 /* SwiftPackageProductDependency */,
				65B5CB4725711E5C00E24E83 /* SwiftPackageProductDependency */,
				65B5CB4925711E5C00E24E83 /* SwiftPackageProductDependency */,
			);
			productName = TouristApp;
			productReference = 659637E3256FEBF3005F6465 /* TouristApp.app */;
			productType = "com.apple.product-type.application";
		};
/* End PBXNativeTarget section */

/* Begin PBXProject section */
		659637DB256FEBF3005F6465 /* Project object */ = {
			isa = PBXProject;
			attributes = {
				LastSwiftUpdateCheck = 1130;
				LastUpgradeCheck = 1130;
				ORGANIZATIONNAME = "Daniel Inc.";
				TargetAttributes = {
					6520422B25BD65A400A98391 = {
						CreatedOnToolsVersion = 11.3.1;
						TestTargetID = 659637E2256FEBF3005F6465;
					};
					6520423925BD65AF00A98391 = {
						CreatedOnToolsVersion = 11.3.1;
						TestTargetID = 659637E2256FEBF3005F6465;
					};
					659637E2256FEBF3005F6465 = {
						CreatedOnToolsVersion = 11.3.1;
					};
				};
			};
			buildConfigurationList = 659637DE256FEBF3005F6465 /* Build configuration list for PBXProject "TouristApp" */;
			compatibilityVersion = "Xcode 9.3";
			developmentRegion = en;
			hasScannedForEncodings = 0;
			knownRegions = (
				en,
				Base,
			);
			mainGroup = 659637DA256FEBF3005F6465;
			packageReferences = (
				65963800256FF969005F6465 /* RemoteSwiftPackageReference */,
				65490B8A2570A9B600000A49 /* RemoteSwiftPackageReference */,
				65B5CB4625711E5C00E24E83 /* RemoteSwiftPackageReference */,
				654E7C8A2571817C002431AB /* RemoteSwiftPackageReference */,
			);
			productRefGroup = 659637E4256FEBF3005F6465 /* Products */;
			projectDirPath = "";
			projectReferences = (
				{
					ProductGroup = 6540721A25D02E9B00828F34 /* Products */;
					ProjectRef = 6540721925D02E9B00828F34 /* Core.xcodeproj */;
				},
				{
					ProductGroup = 6540722025D02E9B00828F34 /* Products */;
					ProjectRef = 6540721F25D02E9B00828F34 /* Place.xcodeproj */;
				},
				{
					ProductGroup = 65DACA1C25D03F0C00DE5FB5 /* Products */;
					ProjectRef = 65DACA1B25D03F0C00DE5FB5 /* Pods.xcodeproj */;
				},
			);
			projectRoot = "";
			targets = (
				659637E2256FEBF3005F6465 /* TouristApp */,
				6520422B25BD65A400A98391 /* TouristAppUITests */,
				6520423925BD65AF00A98391 /* TouristAppTests */,
			);
		};
/* End PBXProject section */

/* Begin PBXReferenceProxy section */
		6540721E25D02E9B00828F34 /* Core.framework */ = {
			isa = PBXReferenceProxy;
			fileType = wrapper.framework;
			path = Core.framework;
			remoteRef = 6540721D25D02E9B00828F34 /* PBXContainerItemProxy */;
			sourceTree = BUILT_PRODUCTS_DIR;
		};
		6540722425D02E9B00828F34 /* Place.framework */ = {
			isa = PBXReferenceProxy;
			fileType = wrapper.framework;
			path = Place.framework;
			remoteRef = 6540722325D02E9B00828F34 /* PBXContainerItemProxy */;
			sourceTree = BUILT_PRODUCTS_DIR;
		};
		65DACA2425D03F0C00DE5FB5 /* Pods_Core.framework */ = {
			isa = PBXReferenceProxy;
			fileType = wrapper.framework;
			path = Pods_Core.framework;
			remoteRef = 65DACA2325D03F0C00DE5FB5 /* PBXContainerItemProxy */;
			sourceTree = BUILT_PRODUCTS_DIR;
		};
		65DACA2625D03F0C00DE5FB5 /* Pods_Place.framework */ = {
			isa = PBXReferenceProxy;
			fileType = wrapper.framework;
			path = Pods_Place.framework;
			remoteRef = 65DACA2525D03F0C00DE5FB5 /* PBXContainerItemProxy */;
			sourceTree = BUILT_PRODUCTS_DIR;
		};
		65DACA2825D03F0C00DE5FB5 /* Pods_TouristApp.framework */ = {
			isa = PBXReferenceProxy;
			fileType = wrapper.framework;
			path = Pods_TouristApp.framework;
			remoteRef = 65DACA2725D03F0C00DE5FB5 /* PBXContainerItemProxy */;
			sourceTree = BUILT_PRODUCTS_DIR;
		};
/* End PBXReferenceProxy section */

/* Begin PBXResourcesBuildPhase section */
		6520422A25BD65A400A98391 /* Resources */ = {
			isa = PBXResourcesBuildPhase;
			buildActionMask = 2147483647;
			files = (
			);
			runOnlyForDeploymentPostprocessing = 0;
		};
		6520423825BD65AF00A98391 /* Resources */ = {
			isa = PBXResourcesBuildPhase;
			buildActionMask = 2147483647;
			files = (
			);
			runOnlyForDeploymentPostprocessing = 0;
		};
		659637E1256FEBF3005F6465 /* Resources */ = {
			isa = PBXResourcesBuildPhase;
			buildActionMask = 2147483647;
			files = (
				659637F6256FEBF6005F6465 /* LaunchScreen.storyboard in Resources */,
				659637F3256FEBF6005F6465 /* Preview Assets.xcassets in Resources */,
				659637F0256FEBF6005F6465 /* Assets.xcassets in Resources */,
			);
			runOnlyForDeploymentPostprocessing = 0;
		};
/* End PBXResourcesBuildPhase section */

/* Begin PBXShellScriptBuildPhase section */
		65214E7E2572280D008F33D9 /* ShellScript */ = {
			isa = PBXShellScriptBuildPhase;
			buildActionMask = 2147483647;
			files = (
			);
			inputFileListPaths = (
			);
			inputPaths = (
			);
			outputFileListPaths = (
			);
			outputPaths = (
			);
			runOnlyForDeploymentPostprocessing = 0;
			shellPath = /bin/sh;
			shellScript = "\n";
		};
		E66C7A7B2FA817C68D807226 /* [CP] Check Pods Manifest.lock */ = {
			isa = PBXShellScriptBuildPhase;
			buildActionMask = 2147483647;
			files = (
			);
			inputFileListPaths = (
			);
			inputPaths = (
				"${PODS_PODFILE_DIR_PATH}/Podfile.lock",
				"${PODS_ROOT}/Manifest.lock",
			);
			name = "[CP] Check Pods Manifest.lock";
			outputFileListPaths = (
			);
			outputPaths = (
				"$(DERIVED_FILE_DIR)/Pods-TouristApp-checkManifestLockResult.txt",
			);
			runOnlyForDeploymentPostprocessing = 0;
			shellPath = /bin/sh;
			shellScript = "diff \"${PODS_PODFILE_DIR_PATH}/Podfile.lock\" \"${PODS_ROOT}/Manifest.lock\" > /dev/null\nif [ $? != 0 ] ; then\n    # print error to STDERR\n    echo \"error: The sandbox is not in sync with the Podfile.lock. Run 'pod install' or update your CocoaPods installation.\" >&2\n    exit 1\nfi\n# This output is used by Xcode 'outputs' to avoid re-running this script phase.\necho \"SUCCESS\" > \"${SCRIPT_OUTPUT_FILE_0}\"\n";
			showEnvVarsInLog = 0;
		};
/* End PBXShellScriptBuildPhase section */

/* Begin PBXSourcesBuildPhase section */
		6520422825BD65A400A98391 /* Sources */ = {
			isa = PBXSourcesBuildPhase;
			buildActionMask = 2147483647;
			files = (
				6520422F25BD65A400A98391 /* TouristAppUITests.swift in Sources */,
			);
			runOnlyForDeploymentPostprocessing = 0;
		};
		6520423625BD65AF00A98391 /* Sources */ = {
			isa = PBXSourcesBuildPhase;
			buildActionMask = 2147483647;
			files = (
				6520423D25BD65AF00A98391 /* TouristAppTests.swift in Sources */,
			);
			runOnlyForDeploymentPostprocessing = 0;
		};
		659637DF256FEBF3005F6465 /* Sources */ = {
			isa = PBXSourcesBuildPhase;
			buildActionMask = 2147483647;
			files = (
				652E5DD825710077007B72E6 /* DetailView.swift in Sources */,
				652F2FEC25735D8600CFB467 /* TabItem.swift in Sources */,
				659637E7256FEBF3005F6465 /* AppDelegate.swift in Sources */,
				65963819257000A6005F6465 /* Injection.swift in Sources */,
				659637EE256FEBF3005F6465 /* ContentView.swift in Sources */,
				65214E8B25725FFE008F33D9 /* FavoriteView.swift in Sources */,
				652F2FEE25736B9700CFB467 /* ProfileView.swift in Sources */,
				6576412625C579A600A29C6C /* CustomEmptyView.swift in Sources */,
				659637E9256FEBF3005F6465 /* SceneDelegate.swift in Sources */,
				6576412825C57A0D00A29C6C /* PlaceRow.swift in Sources */,
				652E5DDA25710083007B72E6 /* DetailPresenter.swift in Sources */,
				6596382425701DC2005F6465 /* API.swift in Sources */,
				65490B8E2570B07600000A49 /* HomeRouter.swift in Sources */,
				65490B892570A63100000A49 /* ActivityIndicator.swift in Sources */,
				6596382A257023BF005F6465 /* HomeView.swift in Sources */,
				6596382D2570286B005F6465 /* TouristApp.xcdatamodeld in Sources */,
			);
			runOnlyForDeploymentPostprocessing = 0;
		};
/* End PBXSourcesBuildPhase section */

/* Begin PBXTargetDependency section */
		6520423225BD65A400A98391 /* PBXTargetDependency */ = {
			isa = PBXTargetDependency;
			target = 659637E2256FEBF3005F6465 /* TouristApp */;
			targetProxy = 6520423125BD65A400A98391 /* PBXContainerItemProxy */;
		};
		6520424025BD65AF00A98391 /* PBXTargetDependency */ = {
			isa = PBXTargetDependency;
			target = 659637E2256FEBF3005F6465 /* TouristApp */;
			targetProxy = 6520423F25BD65AF00A98391 /* PBXContainerItemProxy */;
		};
/* End PBXTargetDependency section */

/* Begin PBXVariantGroup section */
		659637F4256FEBF6005F6465 /* LaunchScreen.storyboard */ = {
			isa = PBXVariantGroup;
			children = (
				659637F5256FEBF6005F6465 /* Base */,
			);
			name = LaunchScreen.storyboard;
			path = .;
			sourceTree = "<group>";
		};
/* End PBXVariantGroup section */

/* Begin XCBuildConfiguration section */
		6520423425BD65A400A98391 /* Debug */ = {
			isa = XCBuildConfiguration;
			buildSettings = {
				CODE_SIGN_STYLE = Automatic;
				DEVELOPMENT_TEAM = 6QXNHSBY6S;
				INFOPLIST_FILE = TouristAppUITests/Info.plist;
				IPHONEOS_DEPLOYMENT_TARGET = 13.2;
				LD_RUNPATH_SEARCH_PATHS = (
					"$(inherited)",
					"@executable_path/Frameworks",
					"@loader_path/Frameworks",
				);
				PRODUCT_BUNDLE_IDENTIFIER = com.daniel.TouristAppUITests;
				PRODUCT_NAME = "$(TARGET_NAME)";
				SWIFT_VERSION = 5.0;
				TARGETED_DEVICE_FAMILY = "1,2";
				TEST_TARGET_NAME = TouristApp;
			};
			name = Debug;
		};
		6520423525BD65A400A98391 /* Release */ = {
			isa = XCBuildConfiguration;
			buildSettings = {
				CODE_SIGN_STYLE = Automatic;
				DEVELOPMENT_TEAM = 6QXNHSBY6S;
				INFOPLIST_FILE = TouristAppUITests/Info.plist;
				IPHONEOS_DEPLOYMENT_TARGET = 13.2;
				LD_RUNPATH_SEARCH_PATHS = (
					"$(inherited)",
					"@executable_path/Frameworks",
					"@loader_path/Frameworks",
				);
				PRODUCT_BUNDLE_IDENTIFIER = com.daniel.TouristAppUITests;
				PRODUCT_NAME = "$(TARGET_NAME)";
				SWIFT_VERSION = 5.0;
				TARGETED_DEVICE_FAMILY = "1,2";
				TEST_TARGET_NAME = TouristApp;
			};
			name = Release;
		};
		6520424225BD65AF00A98391 /* Debug */ = {
			isa = XCBuildConfiguration;
			buildSettings = {
				BUNDLE_LOADER = "$(TEST_HOST)";
				CODE_SIGN_STYLE = Automatic;
				DEVELOPMENT_TEAM = 6QXNHSBY6S;
				INFOPLIST_FILE = TouristAppTests/Info.plist;
				IPHONEOS_DEPLOYMENT_TARGET = 13.2;
				LD_RUNPATH_SEARCH_PATHS = (
					"$(inherited)",
					"@executable_path/Frameworks",
					"@loader_path/Frameworks",
				);
				PRODUCT_BUNDLE_IDENTIFIER = com.daniel.TouristAppTests;
				PRODUCT_NAME = "$(TARGET_NAME)";
				SWIFT_VERSION = 5.0;
				TARGETED_DEVICE_FAMILY = "1,2";
				TEST_HOST = "$(BUILT_PRODUCTS_DIR)/TouristApp.app/TouristApp";
			};
			name = Debug;
		};
		6520424325BD65AF00A98391 /* Release */ = {
			isa = XCBuildConfiguration;
			buildSettings = {
				BUNDLE_LOADER = "$(TEST_HOST)";
				CODE_SIGN_STYLE = Automatic;
				DEVELOPMENT_TEAM = 6QXNHSBY6S;
				INFOPLIST_FILE = TouristAppTests/Info.plist;
				IPHONEOS_DEPLOYMENT_TARGET = 13.2;
				LD_RUNPATH_SEARCH_PATHS = (
					"$(inherited)",
					"@executable_path/Frameworks",
					"@loader_path/Frameworks",
				);
				PRODUCT_BUNDLE_IDENTIFIER = com.daniel.TouristAppTests;
				PRODUCT_NAME = "$(TARGET_NAME)";
				SWIFT_VERSION = 5.0;
				TARGETED_DEVICE_FAMILY = "1,2";
				TEST_HOST = "$(BUILT_PRODUCTS_DIR)/TouristApp.app/TouristApp";
			};
			name = Release;
		};
		659637F8256FEBF6005F6465 /* Debug */ = {
			isa = XCBuildConfiguration;
			buildSettings = {
				ALWAYS_SEARCH_USER_PATHS = NO;
				CLANG_ANALYZER_NONNULL = YES;
				CLANG_ANALYZER_NUMBER_OBJECT_CONVERSION = YES_AGGRESSIVE;
				CLANG_CXX_LANGUAGE_STANDARD = "gnu++14";
				CLANG_CXX_LIBRARY = "libc++";
				CLANG_ENABLE_MODULES = YES;
				CLANG_ENABLE_OBJC_ARC = YES;
				CLANG_ENABLE_OBJC_WEAK = YES;
				CLANG_WARN_BLOCK_CAPTURE_AUTORELEASING = YES;
				CLANG_WARN_BOOL_CONVERSION = YES;
				CLANG_WARN_COMMA = YES;
				CLANG_WARN_CONSTANT_CONVERSION = YES;
				CLANG_WARN_DEPRECATED_OBJC_IMPLEMENTATIONS = YES;
				CLANG_WARN_DIRECT_OBJC_ISA_USAGE = YES_ERROR;
				CLANG_WARN_DOCUMENTATION_COMMENTS = YES;
				CLANG_WARN_EMPTY_BODY = YES;
				CLANG_WARN_ENUM_CONVERSION = YES;
				CLANG_WARN_INFINITE_RECURSION = YES;
				CLANG_WARN_INT_CONVERSION = YES;
				CLANG_WARN_NON_LITERAL_NULL_CONVERSION = YES;
				CLANG_WARN_OBJC_IMPLICIT_RETAIN_SELF = YES;
				CLANG_WARN_OBJC_LITERAL_CONVERSION = YES;
				CLANG_WARN_OBJC_ROOT_CLASS = YES_ERROR;
				CLANG_WARN_RANGE_LOOP_ANALYSIS = YES;
				CLANG_WARN_STRICT_PROTOTYPES = YES;
				CLANG_WARN_SUSPICIOUS_MOVE = YES;
				CLANG_WARN_UNGUARDED_AVAILABILITY = YES_AGGRESSIVE;
				CLANG_WARN_UNREACHABLE_CODE = YES;
				CLANG_WARN__DUPLICATE_METHOD_MATCH = YES;
				COPY_PHASE_STRIP = NO;
				DEBUG_INFORMATION_FORMAT = dwarf;
				ENABLE_STRICT_OBJC_MSGSEND = YES;
				ENABLE_TESTABILITY = YES;
				GCC_C_LANGUAGE_STANDARD = gnu11;
				GCC_DYNAMIC_NO_PIC = NO;
				GCC_NO_COMMON_BLOCKS = YES;
				GCC_OPTIMIZATION_LEVEL = 0;
				GCC_PREPROCESSOR_DEFINITIONS = (
					"DEBUG=1",
					"$(inherited)",
				);
				GCC_WARN_64_TO_32_BIT_CONVERSION = YES;
				GCC_WARN_ABOUT_RETURN_TYPE = YES_ERROR;
				GCC_WARN_UNDECLARED_SELECTOR = YES;
				GCC_WARN_UNINITIALIZED_AUTOS = YES_AGGRESSIVE;
				GCC_WARN_UNUSED_FUNCTION = YES;
				GCC_WARN_UNUSED_VARIABLE = YES;
				IPHONEOS_DEPLOYMENT_TARGET = 13.2;
				MTL_ENABLE_DEBUG_INFO = INCLUDE_SOURCE;
				MTL_FAST_MATH = YES;
				ONLY_ACTIVE_ARCH = YES;
				SDKROOT = iphoneos;
				SWIFT_ACTIVE_COMPILATION_CONDITIONS = DEBUG;
				SWIFT_OPTIMIZATION_LEVEL = "-Onone";
			};
			name = Debug;
		};
		659637F9256FEBF6005F6465 /* Release */ = {
			isa = XCBuildConfiguration;
			buildSettings = {
				ALWAYS_SEARCH_USER_PATHS = NO;
				CLANG_ANALYZER_NONNULL = YES;
				CLANG_ANALYZER_NUMBER_OBJECT_CONVERSION = YES_AGGRESSIVE;
				CLANG_CXX_LANGUAGE_STANDARD = "gnu++14";
				CLANG_CXX_LIBRARY = "libc++";
				CLANG_ENABLE_MODULES = YES;
				CLANG_ENABLE_OBJC_ARC = YES;
				CLANG_ENABLE_OBJC_WEAK = YES;
				CLANG_WARN_BLOCK_CAPTURE_AUTORELEASING = YES;
				CLANG_WARN_BOOL_CONVERSION = YES;
				CLANG_WARN_COMMA = YES;
				CLANG_WARN_CONSTANT_CONVERSION = YES;
				CLANG_WARN_DEPRECATED_OBJC_IMPLEMENTATIONS = YES;
				CLANG_WARN_DIRECT_OBJC_ISA_USAGE = YES_ERROR;
				CLANG_WARN_DOCUMENTATION_COMMENTS = YES;
				CLANG_WARN_EMPTY_BODY = YES;
				CLANG_WARN_ENUM_CONVERSION = YES;
				CLANG_WARN_INFINITE_RECURSION = YES;
				CLANG_WARN_INT_CONVERSION = YES;
				CLANG_WARN_NON_LITERAL_NULL_CONVERSION = YES;
				CLANG_WARN_OBJC_IMPLICIT_RETAIN_SELF = YES;
				CLANG_WARN_OBJC_LITERAL_CONVERSION = YES;
				CLANG_WARN_OBJC_ROOT_CLASS = YES_ERROR;
				CLANG_WARN_RANGE_LOOP_ANALYSIS = YES;
				CLANG_WARN_STRICT_PROTOTYPES = YES;
				CLANG_WARN_SUSPICIOUS_MOVE = YES;
				CLANG_WARN_UNGUARDED_AVAILABILITY = YES_AGGRESSIVE;
				CLANG_WARN_UNREACHABLE_CODE = YES;
				CLANG_WARN__DUPLICATE_METHOD_MATCH = YES;
				COPY_PHASE_STRIP = NO;
				DEBUG_INFORMATION_FORMAT = "dwarf-with-dsym";
				ENABLE_NS_ASSERTIONS = NO;
				ENABLE_STRICT_OBJC_MSGSEND = YES;
				GCC_C_LANGUAGE_STANDARD = gnu11;
				GCC_NO_COMMON_BLOCKS = YES;
				GCC_WARN_64_TO_32_BIT_CONVERSION = YES;
				GCC_WARN_ABOUT_RETURN_TYPE = YES_ERROR;
				GCC_WARN_UNDECLARED_SELECTOR = YES;
				GCC_WARN_UNINITIALIZED_AUTOS = YES_AGGRESSIVE;
				GCC_WARN_UNUSED_FUNCTION = YES;
				GCC_WARN_UNUSED_VARIABLE = YES;
				IPHONEOS_DEPLOYMENT_TARGET = 13.2;
				MTL_ENABLE_DEBUG_INFO = NO;
				MTL_FAST_MATH = YES;
				SDKROOT = iphoneos;
				SWIFT_COMPILATION_MODE = wholemodule;
				SWIFT_OPTIMIZATION_LEVEL = "-O";
				VALIDATE_PRODUCT = YES;
			};
			name = Release;
		};
		659637FB256FEBF6005F6465 /* Debug */ = {
			isa = XCBuildConfiguration;
			baseConfigurationReference = 9B604046CFB6385F2E07709C /* Pods-TouristApp.debug.xcconfig */;
			buildSettings = {
				ASSETCATALOG_COMPILER_APPICON_NAME = AppIcon;
				CODE_SIGN_STYLE = Automatic;
				DEVELOPMENT_ASSET_PATHS = "\"TouristApp/Preview Content\"";
				ENABLE_PREVIEWS = YES;
				INFOPLIST_FILE = "TouristApp/Supporting Files/Info.plist";
				IPHONEOS_DEPLOYMENT_TARGET = 13.2;
				LD_RUNPATH_SEARCH_PATHS = (
					"$(inherited)",
					"@executable_path/Frameworks",
				);
				LD_VERIFY_BITCODE = NO;
				PRODUCT_BUNDLE_IDENTIFIER = com.daniel.TouristApp;
				PRODUCT_NAME = "$(TARGET_NAME)";
				SWIFT_VERSION = 5.0;
				TARGETED_DEVICE_FAMILY = "1,2";
			};
			name = Debug;
		};
		659637FC256FEBF6005F6465 /* Release */ = {
			isa = XCBuildConfiguration;
			baseConfigurationReference = 9442CB15D65395E4AF31AEE2 /* Pods-TouristApp.release.xcconfig */;
			buildSettings = {
				ASSETCATALOG_COMPILER_APPICON_NAME = AppIcon;
				CODE_SIGN_STYLE = Automatic;
				DEVELOPMENT_ASSET_PATHS = "\"TouristApp/Preview Content\"";
				ENABLE_PREVIEWS = YES;
				INFOPLIST_FILE = "TouristApp/Supporting Files/Info.plist";
				IPHONEOS_DEPLOYMENT_TARGET = 13.2;
				LD_RUNPATH_SEARCH_PATHS = (
					"$(inherited)",
					"@executable_path/Frameworks",
				);
				LD_VERIFY_BITCODE = NO;
				PRODUCT_BUNDLE_IDENTIFIER = com.daniel.TouristApp;
				PRODUCT_NAME = "$(TARGET_NAME)";
				SWIFT_VERSION = 5.0;
				TARGETED_DEVICE_FAMILY = "1,2";
			};
			name = Release;
		};
/* End XCBuildConfiguration section */

/* Begin XCConfigurationList section */
		6520423325BD65A400A98391 /* Build configuration list for PBXNativeTarget "TouristAppUITests" */ = {
			isa = XCConfigurationList;
			buildConfigurations = (
				6520423425BD65A400A98391 /* Debug */,
				6520423525BD65A400A98391 /* Release */,
			);
			defaultConfigurationIsVisible = 0;
			defaultConfigurationName = Release;
		};
		6520424125BD65AF00A98391 /* Build configuration list for PBXNativeTarget "TouristAppTests" */ = {
			isa = XCConfigurationList;
			buildConfigurations = (
				6520424225BD65AF00A98391 /* Debug */,
				6520424325BD65AF00A98391 /* Release */,
			);
			defaultConfigurationIsVisible = 0;
			defaultConfigurationName = Release;
		};
		659637DE256FEBF3005F6465 /* Build configuration list for PBXProject "TouristApp" */ = {
			isa = XCConfigurationList;
			buildConfigurations = (
				659637F8256FEBF6005F6465 /* Debug */,
				659637F9256FEBF6005F6465 /* Release */,
			);
			defaultConfigurationIsVisible = 0;
			defaultConfigurationName = Release;
		};
		659637FA256FEBF6005F6465 /* Build configuration list for PBXNativeTarget "TouristApp" */ = {
			isa = XCConfigurationList;
			buildConfigurations = (
				659637FB256FEBF6005F6465 /* Debug */,
				659637FC256FEBF6005F6465 /* Release */,
			);
			defaultConfigurationIsVisible = 0;
			defaultConfigurationName = Release;
		};
/* End XCConfigurationList section */

/* Begin XCRemoteSwiftPackageReference section */
		65490B8A2570A9B600000A49 /* RemoteSwiftPackageReference */ = {
			isa = XCRemoteSwiftPackageReference;
			repositoryURL = "https://github.com/SDWebImage/SDWebImageSwiftUI";
			requirement = {
				kind = upToNextMajorVersion;
				minimumVersion = 1.5.0;
			};
		};
		654E7C8A2571817C002431AB /* RemoteSwiftPackageReference */ = {
			isa = XCRemoteSwiftPackageReference;
			repositoryURL = "https://github.com/realm/realm-cocoa";
			requirement = {
				kind = upToNextMajorVersion;
				minimumVersion = 10.1.4;
			};
		};
		65963800256FF969005F6465 /* RemoteSwiftPackageReference */ = {
			isa = XCRemoteSwiftPackageReference;
			repositoryURL = "https://github.com/Alamofire/Alamofire";
			requirement = {
				kind = upToNextMajorVersion;
				minimumVersion = 5.4.0;
			};
		};
		65B5CB4625711E5C00E24E83 /* RemoteSwiftPackageReference */ = {
			isa = XCRemoteSwiftPackageReference;
			repositoryURL = "https://github.com/ReactiveX/RxSwift";
			requirement = {
				kind = upToNextMajorVersion;
				minimumVersion = 5.1.1;
			};
		};
/* End XCRemoteSwiftPackageReference section */

/* Begin XCSwiftPackageProductDependency section */
		65490B8B2570A9B600000A49 /* SwiftPackageProductDependency */ = {
			isa = XCSwiftPackageProductDependency;
			package = 65490B8A2570A9B600000A49 /* RemoteSwiftPackageReference */;
			productName = SDWebImageSwiftUI;
		};
		65B5CB4725711E5C00E24E83 /* SwiftPackageProductDependency */ = {
			isa = XCSwiftPackageProductDependency;
			package = 65B5CB4625711E5C00E24E83 /* RemoteSwiftPackageReference */;
			productName = RxSwift;
		};
		65B5CB4925711E5C00E24E83 /* SwiftPackageProductDependency */ = {
			isa = XCSwiftPackageProductDependency;
			package = 65B5CB4625711E5C00E24E83 /* RemoteSwiftPackageReference */;
			productName = RxCocoa;
		};
/* End XCSwiftPackageProductDependency section */

/* Begin XCVersionGroup section */
		6596382B2570286B005F6465 /* TouristApp.xcdatamodeld */ = {
			isa = XCVersionGroup;
			children = (
				6596382C2570286B005F6465 /* TouristApp.xcdatamodel */,
			);
			currentVersion = 6596382C2570286B005F6465 /* TouristApp.xcdatamodel */;
			path = TouristApp.xcdatamodeld;
			sourceTree = "<group>";
			versionGroupType = wrapper.xcdatamodel;
		};
/* End XCVersionGroup section */
	};
	rootObject = 659637DB256FEBF3005F6465 /* Project object */;
}
